%{
  "elixir_make": {:hex, :elixir_make, "0.6.3", "bc07d53221216838d79e03a8019d0839786703129599e9619f4ab74c8c096eac", [:mix], [], "hexpm", "f5cbd651c5678bcaabdbb7857658ee106b12509cd976c2c2fca99688e1daf716"},
  "excv": {:git, "https://github.com/zeam-vm/excv.git", "9c3fc3b6d03c5ce53cc70fe3d605e857c9e4b2d4", [branch: "main"]},
  "nx": {:git, "https://github.com/elixir-nx/nx.git", "ec220954d76b02304db91d0437598e952b5db593", [branch: "main", sparse: "nx"]},
}
